
Microsoft Visual Studio Solution File, Format Version 12.00
# Visual Studio Version 17
VisualStudioVersion = 17.14.36915.13 d17.14
MinimumVisualStudioVersion = 10.0.40219.1
Project("{FAE04EC0-301F-11D3-BF4B-00C04F79EFBC}") = "ConsoleApp3", "ConsoleApp3\ConsoleApp3.csproj", "{EC573373-6668-47A7-8FBF-CF5989B11476}"
EndProject
Global
	GlobalSection(SolutionConfigurationPlatforms) = preSolution
		Debug|Any CPU = Debug|Any CPU
		Release|Any CPU = Release|Any CPU
	EndGlobalSection
	GlobalSection(ProjectConfigurationPlatforms) = postSolution
		{EC573373-6668-47A7-8FBF-CF5989B11476}.Debug|Any CPU.ActiveCfg = Debug|Any CPU
		{EC573373-6668-47A7-8FBF-CF5989B11476}.Debug|Any CPU.Build.0 = Debug|Any CPU
		{EC573373-6668-47A7-8FBF-CF5989B11476}.Release|Any CPU.ActiveCfg = Release|Any CPU
		{EC573373-6668-47A7-8FBF-CF5989B11476}.Release|Any CPU.Build.0 = Release|Any CPU
	EndGlobalSection
	GlobalSection(SolutionProperties) = preSolution
		HideSolutionNode = FALSE
	EndGlobalSection
	GlobalSection(ExtensibilityGlobals) = postSolution
		SolutionGuid = {E557F76C-E2D9-4924-A937-98CD374E09D1}
	EndGlobalSection
EndGlobal
